// !$*UTF8*$!
{
	archiveVersion = 1;
	classes = {
	};
	objectVersion = 77;
	objects = {

/* Begin PBXContainerItemProxy section */
		568CCA222D2E5B3500720096 /* PBXContainerItemProxy */ = {
			isa = PBXContainerItemProxy;
			containerPortal = 568CCA072D2E5B3400720096 /* Project object */;
			proxyType = 1;
			remoteGlobalIDString = 568CCA0E2D2E5B3400720096;
			remoteInfo = Exercisely;
		};
		568CCA2C2D2E5B3500720096 /* PBXContainerItemProxy */ = {
			isa = PBXContainerItemProxy;
			containerPortal = 568CCA072D2E5B3400720096 /* Project object */;
			proxyType = 1;
			remoteGlobalIDString = 568CCA0E2D2E5B3400720096;
			remoteInfo = Exercisely;
		};
/* End PBXContainerItemProxy section */

/* Begin PBXFileReference section */
		568CCA0F2D2E5B3400720096 /* Exercisely.app */ = {isa = PBXFileReference; explicitFileType = wrapper.application; includeInIndex = 0; path = Exercisely.app; sourceTree = BUILT_PRODUCTS_DIR; };
		568CCA212D2E5B3500720096 /* ExerciselyTests.xctest */ = {isa = PBXFileReference; explicitFileType = wrapper.cfbundle; includeInIndex = 0; path = ExerciselyTests.xctest; sourceTree = BUILT_PRODUCTS_DIR; };
		568CCA2B2D2E5B3500720096 /* ExerciselyUITests.xctest */ = {isa = PBXFileReference; explicitFileType = wrapper.cfbundle; includeInIndex = 0; path = ExerciselyUITests.xctest; sourceTree = BUILT_PRODUCTS_DIR; };
/* End PBXFileReference section */

/* Begin PBXFileSystemSynchronizedBuildFileExceptionSet section */
		56287B6F2D8CD5DD00A669FF /* Exceptions for "Exercisely" folder in "Exercisely" target */ = {
			isa = PBXFileSystemSynchronizedBuildFileExceptionSet;
			membershipExceptions = (
				Info.plist,
			);
			target = 568CCA0E2D2E5B3400720096 /* Exercisely */;
		};
		568CCA482D2E5F0000720096 /* Exceptions for "Exercisely" folder in "ExerciselyTests" target */ = {
			isa = PBXFileSystemSynchronizedBuildFileExceptionSet;
			membershipExceptions = (
				Domain/Distance.swift,
				Domain/SimpleDate.swift,
				Domain/Weight.swift,
				Extensions/ArrayExtensions.swift,
				Extensions/CGFloatExtensions.swift,
				Extensions/DateExtensions.swift,
				Extensions/DoubleExtensions.swift,
				Scenes/Workout/Domain/ExerciseDuration.swift,
				Scenes/Workout/Domain/ExerciseGroup.swift,
				Scenes/Workout/Domain/ExerciseName.swift,
				Scenes/Workout/Domain/ExerciseReps.swift,
				Scenes/Workout/Domain/Workout.swift,
				Scenes/Workout/Domain/WorkoutExercise.swift,
				Scenes/Workout/Domain/WorkoutFocus.swift,
				Scenes/Workout/Domain/WorkoutSection.swift,
				Scenes/Workout/ExerciseRowCommonMetrics.swift,
			);
			target = 568CCA202D2E5B3500720096 /* ExerciselyTests */;
		};
/* End PBXFileSystemSynchronizedBuildFileExceptionSet section */

/* Begin PBXFileSystemSynchronizedRootGroup section */
		568CCA112D2E5B3400720096 /* Exercisely */ = {
			isa = PBXFileSystemSynchronizedRootGroup;
			exceptions = (
				56287B6F2D8CD5DD00A669FF /* Exceptions for "Exercisely" folder in "Exercisely" target */,
				568CCA482D2E5F0000720096 /* Exceptions for "Exercisely" folder in "ExerciselyTests" target */,
			);
			path = Exercisely;
			sourceTree = "<group>";
		};
		568CCA242D2E5B3500720096 /* ExerciselyTests */ = {
			isa = PBXFileSystemSynchronizedRootGroup;
			path = ExerciselyTests;
			sourceTree = "<group>";
		};
		568CCA2E2D2E5B3500720096 /* ExerciselyUITests */ = {
			isa = PBXFileSystemSynchronizedRootGroup;
			path = ExerciselyUITests;
			sourceTree = "<group>";
		};
/* End PBXFileSystemSynchronizedRootGroup section */

/* Begin PBXFrameworksBuildPhase section */
		568CCA0C2D2E5B3400720096 /* Frameworks */ = {
			isa = PBXFrameworksBuildPhase;
			buildActionMask = 2147483647;
			files = (
			);
			runOnlyForDeploymentPostprocessing = 0;
		};
		568CCA1E2D2E5B3500720096 /* Frameworks */ = {
			isa = PBXFrameworksBuildPhase;
			buildActionMask = 2147483647;
			files = (
			);
			runOnlyForDeploymentPostprocessing = 0;
		};
		568CCA282D2E5B3500720096 /* Frameworks */ = {
			isa = PBXFrameworksBuildPhase;
			buildActionMask = 2147483647;
			files = (
			);
			runOnlyForDeploymentPostprocessing = 0;
		};
/* End PBXFrameworksBuildPhase section */

/* Begin PBXGroup section */
		568CCA062D2E5B3400720096 = {
			isa = PBXGroup;
			children = (
				568CCA112D2E5B3400720096 /* Exercisely */,
				568CCA242D2E5B3500720096 /* ExerciselyTests */,
				568CCA2E2D2E5B3500720096 /* ExerciselyUITests */,
				568CCA102D2E5B3400720096 /* Products */,
			);
			sourceTree = "<group>";
		};
		568CCA102D2E5B3400720096 /* Products */ = {
			isa = PBXGroup;
			children = (
				568CCA0F2D2E5B3400720096 /* Exercisely.app */,
				568CCA212D2E5B3500720096 /* ExerciselyTests.xctest */,
				568CCA2B2D2E5B3500720096 /* ExerciselyUITests.xctest */,
			);
			name = Products;
			sourceTree = "<group>";
		};
/* End PBXGroup section */

/* Begin PBXNativeTarget section */
		568CCA0E2D2E5B3400720096 /* Exercisely */ = {
			isa = PBXNativeTarget;
			buildConfigurationList = 568CCA352D2E5B3500720096 /* Build configuration list for PBXNativeTarget "Exercisely" */;
			buildPhases = (
				568CCA0B2D2E5B3400720096 /* Sources */,
				568CCA0C2D2E5B3400720096 /* Frameworks */,
				568CCA0D2D2E5B3400720096 /* Resources */,
			);
			buildRules = (
			);
			dependencies = (
			);
			fileSystemSynchronizedGroups = (
				568CCA112D2E5B3400720096 /* Exercisely */,
			);
			name = Exercisely;
			packageProductDependencies = (
			);
			productName = Exercisely;
			productReference = 568CCA0F2D2E5B3400720096 /* Exercisely.app */;
			productType = "com.apple.product-type.application";
		};
		568CCA202D2E5B3500720096 /* ExerciselyTests */ = {
			isa = PBXNativeTarget;
			buildConfigurationList = 568CCA382D2E5B3500720096 /* Build configuration list for PBXNativeTarget "ExerciselyTests" */;
			buildPhases = (
				568CCA1D2D2E5B3500720096 /* Sources */,
				568CCA1E2D2E5B3500720096 /* Frameworks */,
				568CCA1F2D2E5B3500720096 /* Resources */,
			);
			buildRules = (
			);
			dependencies = (
				568CCA232D2E5B3500720096 /* PBXTargetDependency */,
			);
			fileSystemSynchronizedGroups = (
				568CCA242D2E5B3500720096 /* ExerciselyTests */,
			);
			name = ExerciselyTests;
			packageProductDependencies = (
			);
			productName = ExerciselyTests;
			productReference = 568CCA212D2E5B3500720096 /* ExerciselyTests.xctest */;
			productType = "com.apple.product-type.bundle.unit-test";
		};
		568CCA2A2D2E5B3500720096 /* ExerciselyUITests */ = {
			isa = PBXNativeTarget;
			buildConfigurationList = 568CCA3B2D2E5B3500720096 /* Build configuration list for PBXNativeTarget "ExerciselyUITests" */;
			buildPhases = (
				568CCA272D2E5B3500720096 /* Sources */,
				568CCA282D2E5B3500720096 /* Frameworks */,
				568CCA292D2E5B3500720096 /* Resources */,
			);
			buildRules = (
			);
			dependencies = (
				568CCA2D2D2E5B3500720096 /* PBXTargetDependency */,
			);
			fileSystemSynchronizedGroups = (
				568CCA2E2D2E5B3500720096 /* ExerciselyUITests */,
			);
			name = ExerciselyUITests;
			packageProductDependencies = (
			);
			productName = ExerciselyUITests;
			productReference = 568CCA2B2D2E5B3500720096 /* ExerciselyUITests.xctest */;
			productType = "com.apple.product-type.bundle.ui-testing";
		};
/* End PBXNativeTarget section */

/* Begin PBXProject section */
		568CCA072D2E5B3400720096 /* Project object */ = {
			isa = PBXProject;
			attributes = {
				BuildIndependentTargetsInParallel = 1;
				LastSwiftUpdateCheck = 1620;
				LastUpgradeCheck = 1620;
				TargetAttributes = {
					568CCA0E2D2E5B3400720096 = {
						CreatedOnToolsVersion = 16.2;
					};
					568CCA202D2E5B3500720096 = {
						CreatedOnToolsVersion = 16.2;
						TestTargetID = 568CCA0E2D2E5B3400720096;
					};
					568CCA2A2D2E5B3500720096 = {
						CreatedOnToolsVersion = 16.2;
						TestTargetID = 568CCA0E2D2E5B3400720096;
					};
				};
			};
			buildConfigurationList = 568CCA0A2D2E5B3400720096 /* Build configuration list for PBXProject "Exercisely" */;
			developmentRegion = en;
			hasScannedForEncodings = 0;
			knownRegions = (
				en,
				Base,
			);
			mainGroup = 568CCA062D2E5B3400720096;
			minimizedProjectReferenceProxies = 1;
			preferredProjectObjectVersion = 77;
			productRefGroup = 568CCA102D2E5B3400720096 /* Products */;
			projectDirPath = "";
			projectRoot = "";
			targets = (
				568CCA0E2D2E5B3400720096 /* Exercisely */,
				568CCA202D2E5B3500720096 /* ExerciselyTests */,
				568CCA2A2D2E5B3500720096 /* ExerciselyUITests */,
			);
		};
/* End PBXProject section */

/* Begin PBXResourcesBuildPhase section */
		568CCA0D2D2E5B3400720096 /* Resources */ = {
			isa = PBXResourcesBuildPhase;
			buildActionMask = 2147483647;
			files = (
			);
			runOnlyForDeploymentPostprocessing = 0;
		};
		568CCA1F2D2E5B3500720096 /* Resources */ = {
			isa = PBXResourcesBuildPhase;
			buildActionMask = 2147483647;
			files = (
			);
			runOnlyForDeploymentPostprocessing = 0;
		};
		568CCA292D2E5B3500720096 /* Resources */ = {
			isa = PBXResourcesBuildPhase;
			buildActionMask = 2147483647;
			files = (
			);
			runOnlyForDeploymentPostprocessing = 0;
		};
/* End PBXResourcesBuildPhase section */

/* Begin PBXSourcesBuildPhase section */
		568CCA0B2D2E5B3400720096 /* Sources */ = {
			isa = PBXSourcesBuildPhase;
			buildActionMask = 2147483647;
			files = (
			);
			runOnlyForDeploymentPostprocessing = 0;
		};
		568CCA1D2D2E5B3500720096 /* Sources */ = {
			isa = PBXSourcesBuildPhase;
			buildActionMask = 2147483647;
			files = (
			);
			runOnlyForDeploymentPostprocessing = 0;
		};
		568CCA272D2E5B3500720096 /* Sources */ = {
			isa = PBXSourcesBuildPhase;
			buildActionMask = 2147483647;
			files = (
			);
			runOnlyForDeploymentPostprocessing = 0;
		};
/* End PBXSourcesBuildPhase section */

/* Begin PBXTargetDependency section */
		568CCA232D2E5B3500720096 /* PBXTargetDependency */ = {
			isa = PBXTargetDependency;
			target = 568CCA0E2D2E5B3400720096 /* Exercisely */;
			targetProxy = 568CCA222D2E5B3500720096 /* PBXContainerItemProxy */;
		};
		568CCA2D2D2E5B3500720096 /* PBXTargetDependency */ = {
			isa = PBXTargetDependency;
			target = 568CCA0E2D2E5B3400720096 /* Exercisely */;
			targetProxy = 568CCA2C2D2E5B3500720096 /* PBXContainerItemProxy */;
		};
/* End PBXTargetDependency section */

/* Begin XCBuildConfiguration section */
		568CCA332D2E5B3500720096 /* Debug */ = {
			isa = XCBuildConfiguration;
			buildSettings = {
				ALWAYS_SEARCH_USER_PATHS = NO;
				ASSETCATALOG_COMPILER_GENERATE_SWIFT_ASSET_SYMBOL_EXTENSIONS = YES;
				CLANG_ANALYZER_NONNULL = YES;
				CLANG_ANALYZER_NUMBER_OBJECT_CONVERSION = YES_AGGRESSIVE;
				CLANG_CXX_LANGUAGE_STANDARD = "gnu++20";
				CLANG_ENABLE_MODULES = YES;
				CLANG_ENABLE_OBJC_ARC = YES;
				CLANG_ENABLE_OBJC_WEAK = YES;
				CLANG_WARN_BLOCK_CAPTURE_AUTORELEASING = YES;
				CLANG_WARN_BOOL_CONVERSION = YES;
				CLANG_WARN_COMMA = YES;
				CLANG_WARN_CONSTANT_CONVERSION = YES;
				CLANG_WARN_DEPRECATED_OBJC_IMPLEMENTATIONS = YES;
				CLANG_WARN_DIRECT_OBJC_ISA_USAGE = YES_ERROR;
				CLANG_WARN_DOCUMENTATION_COMMENTS = YES;
				CLANG_WARN_EMPTY_BODY = YES;
				CLANG_WARN_ENUM_CONVERSION = YES;
				CLANG_WARN_INFINITE_RECURSION = YES;
				CLANG_WARN_INT_CONVERSION = YES;
				CLANG_WARN_NON_LITERAL_NULL_CONVERSION = YES;
				CLANG_WARN_OBJC_IMPLICIT_RETAIN_SELF = YES;
				CLANG_WARN_OBJC_LITERAL_CONVERSION = YES;
				CLANG_WARN_OBJC_ROOT_CLASS = YES_ERROR;
				CLANG_WARN_QUOTED_INCLUDE_IN_FRAMEWORK_HEADER = YES;
				CLANG_WARN_RANGE_LOOP_ANALYSIS = YES;
				CLANG_WARN_STRICT_PROTOTYPES = YES;
				CLANG_WARN_SUSPICIOUS_MOVE = YES;
				CLANG_WARN_UNGUARDED_AVAILABILITY = YES_AGGRESSIVE;
				CLANG_WARN_UNREACHABLE_CODE = YES;
				CLANG_WARN__DUPLICATE_METHOD_MATCH = YES;
				COPY_PHASE_STRIP = NO;
				DEBUG_INFORMATION_FORMAT = dwarf;
				ENABLE_STRICT_OBJC_MSGSEND = YES;
				ENABLE_TESTABILITY = YES;
				ENABLE_USER_SCRIPT_SANDBOXING = YES;
				GCC_C_LANGUAGE_STANDARD = gnu17;
				GCC_DYNAMIC_NO_PIC = NO;
				GCC_NO_COMMON_BLOCKS = YES;
				GCC_OPTIMIZATION_LEVEL = 0;
				GCC_PREPROCESSOR_DEFINITIONS = (
					"DEBUG=1",
					"$(inherited)",
				);
				GCC_WARN_64_TO_32_BIT_CONVERSION = YES;
				GCC_WARN_ABOUT_RETURN_TYPE = YES_ERROR;
				GCC_WARN_UNDECLARED_SELECTOR = YES;
				GCC_WARN_UNINITIALIZED_AUTOS = YES_AGGRESSIVE;
				GCC_WARN_UNUSED_FUNCTION = YES;
				GCC_WARN_UNUSED_VARIABLE = YES;
				IPHONEOS_DEPLOYMENT_TARGET = 18.2;
				LOCALIZATION_PREFERS_STRING_CATALOGS = YES;
				MTL_ENABLE_DEBUG_INFO = INCLUDE_SOURCE;
				MTL_FAST_MATH = YES;
				ONLY_ACTIVE_ARCH = YES;
				SDKROOT = iphoneos;
				SWIFT_ACTIVE_COMPILATION_CONDITIONS = "DEBUG $(inherited)";
				SWIFT_OPTIMIZATION_LEVEL = "-Onone";
			};
			name = Debug;
		};
		568CCA342D2E5B3500720096 /* Release */ = {
			isa = XCBuildConfiguration;
			buildSettings = {
				ALWAYS_SEARCH_USER_PATHS = NO;
				ASSETCATALOG_COMPILER_GENERATE_SWIFT_ASSET_SYMBOL_EXTENSIONS = YES;
				CLANG_ANALYZER_NONNULL = YES;
				CLANG_ANALYZER_NUMBER_OBJECT_CONVERSION = YES_AGGRESSIVE;
				CLANG_CXX_LANGUAGE_STANDARD = "gnu++20";
				CLANG_ENABLE_MODULES = YES;
				CLANG_ENABLE_OBJC_ARC = YES;
				CLANG_ENABLE_OBJC_WEAK = YES;
				CLANG_WARN_BLOCK_CAPTURE_AUTORELEASING = YES;
				CLANG_WARN_BOOL_CONVERSION = YES;
				CLANG_WARN_COMMA = YES;
				CLANG_WARN_CONSTANT_CONVERSION = YES;
				CLANG_WARN_DEPRECATED_OBJC_IMPLEMENTATIONS = YES;
				CLANG_WARN_DIRECT_OBJC_ISA_USAGE = YES_ERROR;
				CLANG_WARN_DOCUMENTATION_COMMENTS = YES;
				CLANG_WARN_EMPTY_BODY = YES;
				CLANG_WARN_ENUM_CONVERSION = YES;
				CLANG_WARN_INFINITE_RECURSION = YES;
				CLANG_WARN_INT_CONVERSION = YES;
				CLANG_WARN_NON_LITERAL_NULL_CONVERSION = YES;
				CLANG_WARN_OBJC_IMPLICIT_RETAIN_SELF = YES;
				CLANG_WARN_OBJC_LITERAL_CONVERSION = YES;
				CLANG_WARN_OBJC_ROOT_CLASS = YES_ERROR;
				CLANG_WARN_QUOTED_INCLUDE_IN_FRAMEWORK_HEADER = YES;
				CLANG_WARN_RANGE_LOOP_ANALYSIS = YES;
				CLANG_WARN_STRICT_PROTOTYPES = YES;
				CLANG_WARN_SUSPICIOUS_MOVE = YES;
				CLANG_WARN_UNGUARDED_AVAILABILITY = YES_AGGRESSIVE;
				CLANG_WARN_UNREACHABLE_CODE = YES;
				CLANG_WARN__DUPLICATE_METHOD_MATCH = YES;
				COPY_PHASE_STRIP = NO;
				DEBUG_INFORMATION_FORMAT = "dwarf-with-dsym";
				ENABLE_NS_ASSERTIONS = NO;
				ENABLE_STRICT_OBJC_MSGSEND = YES;
				ENABLE_USER_SCRIPT_SANDBOXING = YES;
				GCC_C_LANGUAGE_STANDARD = gnu17;
				GCC_NO_COMMON_BLOCKS = YES;
				GCC_WARN_64_TO_32_BIT_CONVERSION = YES;
				GCC_WARN_ABOUT_RETURN_TYPE = YES_ERROR;
				GCC_WARN_UNDECLARED_SELECTOR = YES;
				GCC_WARN_UNINITIALIZED_AUTOS = YES_AGGRESSIVE;
				GCC_WARN_UNUSED_FUNCTION = YES;
				GCC_WARN_UNUSED_VARIABLE = YES;
				IPHONEOS_DEPLOYMENT_TARGET = 18.2;
				LOCALIZATION_PREFERS_STRING_CATALOGS = YES;
				MTL_ENABLE_DEBUG_INFO = NO;
				MTL_FAST_MATH = YES;
				SDKROOT = iphoneos;
				SWIFT_COMPILATION_MODE = wholemodule;
				VALIDATE_PRODUCT = YES;
			};
			name = Release;
		};
		568CCA362D2E5B3500720096 /* Debug */ = {
			isa = XCBuildConfiguration;
			buildSettings = {
				ASSETCATALOG_COMPILER_APPICON_NAME = AppIcon;
				ASSETCATALOG_COMPILER_GLOBAL_ACCENT_COLOR_NAME = AccentColor;
				CODE_SIGN_STYLE = Automatic;
				CURRENT_PROJECT_VERSION = 1;
				DEVELOPMENT_ASSET_PATHS = "\"Exercisely/Preview Content\"";
				DEVELOPMENT_TEAM = QTXW6735S3;
				ENABLE_PREVIEWS = YES;
				GENERATE_INFOPLIST_FILE = YES;
				INFOPLIST_FILE = Exercisely/Info.plist;
				INFOPLIST_KEY_UIApplicationSceneManifest_Generation = YES;
				INFOPLIST_KEY_UIApplicationSupportsIndirectInputEvents = YES;
				INFOPLIST_KEY_UILaunchScreen_Generation = YES;
				INFOPLIST_KEY_UISupportedInterfaceOrientations = UIInterfaceOrientationPortrait;
				INFOPLIST_KEY_UISupportedInterfaceOrientations_iPad = "UIInterfaceOrientationLandscapeLeft UIInterfaceOrientationLandscapeRight UIInterfaceOrientationPortrait UIInterfaceOrientationPortraitUpsideDown";
				IPHONEOS_DEPLOYMENT_TARGET = 17.6;
				LD_RUNPATH_SEARCH_PATHS = (
					"$(inherited)",
					"@executable_path/Frameworks",
				);
				MARKETING_VERSION = 1.0;
				PRODUCT_BUNDLE_IDENTIFIER = com.jasonsapps.exercisely;
				PRODUCT_NAME = "$(TARGET_NAME)";
				SUPPORTED_PLATFORMS = "iphoneos iphonesimulator";
				SUPPORTS_MACCATALYST = NO;
				SUPPORTS_MAC_DESIGNED_FOR_IPHONE_IPAD = NO;
				SUPPORTS_XR_DESIGNED_FOR_IPHONE_IPAD = NO;
				SWIFT_EMIT_LOC_STRINGS = YES;
				SWIFT_VERSION = 5.0;
				TARGETED_DEVICE_FAMILY = 1;
			};
			name = Debug;
		};
		568CCA372D2E5B3500720096 /* Release */ = {
			isa = XCBuildConfiguration;
			buildSettings = {
				ASSETCATALOG_COMPILER_APPICON_NAME = AppIcon;
				ASSETCATALOG_COMPILER_GLOBAL_ACCENT_COLOR_NAME = AccentColor;
				CODE_SIGN_STYLE = Automatic;
				CURRENT_PROJECT_VERSION = 1;
				DEVELOPMENT_ASSET_PATHS = "\"Exercisely/Preview Content\"";
				DEVELOPMENT_TEAM = QTXW6735S3;
				ENABLE_PREVIEWS = YES;
				GENERATE_INFOPLIST_FILE = YES;
				INFOPLIST_FILE = Exercisely/Info.plist;
				INFOPLIST_KEY_UIApplicationSceneManifest_Generation = YES;
				INFOPLIST_KEY_UIApplicationSupportsIndirectInputEvents = YES;
				INFOPLIST_KEY_UILaunchScreen_Generation = YES;
				INFOPLIST_KEY_UISupportedInterfaceOrientations = UIInterfaceOrientationPortrait;
				INFOPLIST_KEY_UISupportedInterfaceOrientations_iPad = "UIInterfaceOrientationLandscapeLeft UIInterfaceOrientationLandscapeRight UIInterfaceOrientationPortrait UIInterfaceOrientationPortraitUpsideDown";
				IPHONEOS_DEPLOYMENT_TARGET = 17.6;
				LD_RUNPATH_SEARCH_PATHS = (
					"$(inherited)",
					"@executable_path/Frameworks",
				);
				MARKETING_VERSION = 1.0;
				PRODUCT_BUNDLE_IDENTIFIER = com.jasonsapps.exercisely;
				PRODUCT_NAME = "$(TARGET_NAME)";
				SUPPORTED_PLATFORMS = "iphoneos iphonesimulator";
				SUPPORTS_MACCATALYST = NO;
				SUPPORTS_MAC_DESIGNED_FOR_IPHONE_IPAD = NO;
				SUPPORTS_XR_DESIGNED_FOR_IPHONE_IPAD = NO;
				SWIFT_EMIT_LOC_STRINGS = YES;
				SWIFT_VERSION = 5.0;
				TARGETED_DEVICE_FAMILY = 1;
			};
			name = Release;
		};
		568CCA392D2E5B3500720096 /* Debug */ = {
			isa = XCBuildConfiguration;
			buildSettings = {
				BUNDLE_LOADER = "$(TEST_HOST)";
				CODE_SIGN_STYLE = Automatic;
				CURRENT_PROJECT_VERSION = 1;
				DEVELOPMENT_TEAM = QTXW6735S3;
				GENERATE_INFOPLIST_FILE = YES;
				IPHONEOS_DEPLOYMENT_TARGET = 18.2;
				MARKETING_VERSION = 1.0;
				PRODUCT_BUNDLE_IDENTIFIER = com.jasonsapps.ExerciselyTests;
				PRODUCT_NAME = "$(TARGET_NAME)";
				SWIFT_EMIT_LOC_STRINGS = NO;
				SWIFT_VERSION = 5.0;
				TARGETED_DEVICE_FAMILY = "1,2";
				TEST_HOST = "$(BUILT_PRODUCTS_DIR)/Exercisely.app/$(BUNDLE_EXECUTABLE_FOLDER_PATH)/Exercisely";
			};
			name = Debug;
		};
		568CCA3A2D2E5B3500720096 /* Release */ = {
			isa = XCBuildConfiguration;
			buildSettings = {
				BUNDLE_LOADER = "$(TEST_HOST)";
				CODE_SIGN_STYLE = Automatic;
				CURRENT_PROJECT_VERSION = 1;
				DEVELOPMENT_TEAM = QTXW6735S3;
				GENERATE_INFOPLIST_FILE = YES;
				IPHONEOS_DEPLOYMENT_TARGET = 18.2;
				MARKETING_VERSION = 1.0;
				PRODUCT_BUNDLE_IDENTIFIER = com.jasonsapps.ExerciselyTests;
				PRODUCT_NAME = "$(TARGET_NAME)";
				SWIFT_EMIT_LOC_STRINGS = NO;
				SWIFT_VERSION = 5.0;
				TARGETED_DEVICE_FAMILY = "1,2";
				TEST_HOST = "$(BUILT_PRODUCTS_DIR)/Exercisely.app/$(BUNDLE_EXECUTABLE_FOLDER_PATH)/Exercisely";
			};
			name = Release;
		};
		568CCA3C2D2E5B3500720096 /* Debug */ = {
			isa = XCBuildConfiguration;
			buildSettings = {
				CODE_SIGN_STYLE = Automatic;
				CURRENT_PROJECT_VERSION = 1;
				DEVELOPMENT_TEAM = QTXW6735S3;
				GENERATE_INFOPLIST_FILE = YES;
				MARKETING_VERSION = 1.0;
				PRODUCT_BUNDLE_IDENTIFIER = com.jasonsapps.ExerciselyUITests;
				PRODUCT_NAME = "$(TARGET_NAME)";
				SWIFT_EMIT_LOC_STRINGS = NO;
				SWIFT_VERSION = 5.0;
				TARGETED_DEVICE_FAMILY = "1,2";
				TEST_TARGET_NAME = Exercisely;
			};
			name = Debug;
		};
		568CCA3D2D2E5B3500720096 /* Release */ = {
			isa = XCBuildConfiguration;
			buildSettings = {
				CODE_SIGN_STYLE = Automatic;
				CURRENT_PROJECT_VERSION = 1;
				DEVELOPMENT_TEAM = QTXW6735S3;
				GENERATE_INFOPLIST_FILE = YES;
				MARKETING_VERSION = 1.0;
				PRODUCT_BUNDLE_IDENTIFIER = com.jasonsapps.ExerciselyUITests;
				PRODUCT_NAME = "$(TARGET_NAME)";
				SWIFT_EMIT_LOC_STRINGS = NO;
				SWIFT_VERSION = 5.0;
				TARGETED_DEVICE_FAMILY = "1,2";
				TEST_TARGET_NAME = Exercisely;
			};
			name = Release;
		};
/* End XCBuildConfiguration section */

/* Begin XCConfigurationList section */
		568CCA0A2D2E5B3400720096 /* Build configuration list for PBXProject "Exercisely" */ = {
			isa = XCConfigurationList;
			buildConfigurations = (
				568CCA332D2E5B3500720096 /* Debug */,
				568CCA342D2E5B3500720096 /* Release */,
			);
			defaultConfigurationIsVisible = 0;
			defaultConfigurationName = Release;
		};
		568CCA352D2E5B3500720096 /* Build configuration list for PBXNativeTarget "Exercisely" */ = {
			isa = XCConfigurationList;
			buildConfigurations = (
				568CCA362D2E5B3500720096 /* Debug */,
				568CCA372D2E5B3500720096 /* Release */,
			);
			defaultConfigurationIsVisible = 0;
			defaultConfigurationName = Release;
		};
		568CCA382D2E5B3500720096 /* Build configuration list for PBXNativeTarget "ExerciselyTests" */ = {
			isa = XCConfigurationList;
			buildConfigurations = (
				568CCA392D2E5B3500720096 /* Debug */,
				568CCA3A2D2E5B3500720096 /* Release */,
			);
			defaultConfigurationIsVisible = 0;
			defaultConfigurationName = Release;
		};
		568CCA3B2D2E5B3500720096 /* Build configuration list for PBXNativeTarget "ExerciselyUITests" */ = {
			isa = XCConfigurationList;
			buildConfigurations = (
				568CCA3C2D2E5B3500720096 /* Debug */,
				568CCA3D2D2E5B3500720096 /* Release */,
			);
			defaultConfigurationIsVisible = 0;
			defaultConfigurationName = Release;
		};
/* End XCConfigurationList section */
	};
	rootObject = 568CCA072D2E5B3400720096 /* Project object */;
}
